// !$*UTF8*$!
{
	archiveVersion = 1;
	classes = {
	};
	objectVersion = 46;
	objects = {

/* Begin PBXBuildFile section */
		01865AB21B50B1F2003E2C13 /* NSDate+Category.m in Sources */ = {isa = PBXBuildFile; fileRef = 01865AAE1B50B1F2003E2C13 /* NSDate+Category.m */; };
		01865AB31B50B1F2003E2C13 /* NSDateFormatter+Category.m in Sources */ = {isa = PBXBuildFile; fileRef = 01865AB11B50B1F2003E2C13 /* NSDateFormatter+Category.m */; };
		01ABBE401B56506700A6BC36 /* AXIndexPathCache.m in Sources */ = {isa = PBXBuildFile; fileRef = 01ABBE3D1B56506700A6BC36 /* AXIndexPathCache.m */; };
		01ABBE411B56506700A6BC36 /* UITableView+ax_cache.m in Sources */ = {isa = PBXBuildFile; fileRef = 01ABBE3F1B56506700A6BC36 /* UITableView+ax_cache.m */; };
		01F0B9821B4EB60700E26965 /* main.m in Sources */ = {isa = PBXBuildFile; fileRef = 01F0B9811B4EB60700E26965 /* main.m */; };
		01F0B9851B4EB60700E26965 /* AppDelegate.m in Sources */ = {isa = PBXBuildFile; fileRef = 01F0B9841B4EB60700E26965 /* AppDelegate.m */; };
		01F0B9881B4EB60700E26965 /* MasterViewController.m in Sources */ = {isa = PBXBuildFile; fileRef = 01F0B9871B4EB60700E26965 /* MasterViewController.m */; };
		01F0B98B1B4EB60700E26965 /* DetailViewController.m in Sources */ = {isa = PBXBuildFile; fileRef = 01F0B98A1B4EB60700E26965 /* DetailViewController.m */; };
		01F0B98E1B4EB60700E26965 /* Main.storyboard in Resources */ = {isa = PBXBuildFile; fileRef = 01F0B98C1B4EB60700E26965 /* Main.storyboard */; };
		01F0B9901B4EB60700E26965 /* Assets.xcassets in Resources */ = {isa = PBXBuildFile; fileRef = 01F0B98F1B4EB60700E26965 /* Assets.xcassets */; };
		01F0B9931B4EB60700E26965 /* LaunchScreen.storyboard in Resources */ = {isa = PBXBuildFile; fileRef = 01F0B9911B4EB60700E26965 /* LaunchScreen.storyboard */; };
/* End PBXBuildFile section */

/* Begin PBXFileReference section */
		01865AAD1B50B1F2003E2C13 /* NSDate+Category.h */ = {isa = PBXFileReference; fileEncoding = 4; lastKnownFileType = sourcecode.c.h; path = "NSDate+Category.h"; sourceTree = "<group>"; };
		01865AAE1B50B1F2003E2C13 /* NSDate+Category.m */ = {isa = PBXFileReference; fileEncoding = 4; lastKnownFileType = sourcecode.c.objc; path = "NSDate+Category.m"; sourceTree = "<group>"; };
		01865AB01B50B1F2003E2C13 /* NSDateFormatter+Category.h */ = {isa = PBXFileReference; fileEncoding = 4; lastKnownFileType = sourcecode.c.h; path = "NSDateFormatter+Category.h"; sourceTree = "<group>"; };
		01865AB11B50B1F2003E2C13 /* NSDateFormatter+Category.m */ = {isa = PBXFileReference; fileEncoding = 4; lastKnownFileType = sourcecode.c.objc; path = "NSDateFormatter+Category.m"; sourceTree = "<group>"; };
		01ABBE3C1B56506700A6BC36 /* AXIndexPathCache.h */ = {isa = PBXFileReference; fileEncoding = 4; lastKnownFileType = sourcecode.c.h; path = AXIndexPathCache.h; sourceTree = "<group>"; };
		01ABBE3D1B56506700A6BC36 /* AXIndexPathCache.m */ = {isa = PBXFileReference; fileEncoding = 4; lastKnownFileType = sourcecode.c.objc; path = AXIndexPathCache.m; sourceTree = "<group>"; };
		01ABBE3E1B56506700A6BC36 /* UITableView+ax_cache.h */ = {isa = PBXFileReference; fileEncoding = 4; lastKnownFileType = sourcecode.c.h; path = "UITableView+ax_cache.h"; sourceTree = "<group>"; };
		01ABBE3F1B56506700A6BC36 /* UITableView+ax_cache.m */ = {isa = PBXFileReference; fileEncoding = 4; lastKnownFileType = sourcecode.c.objc; path = "UITableView+ax_cache.m"; sourceTree = "<group>"; };
		01F0B97D1B4EB60700E26965 /* AXCellCacheDemo.app */ = {isa = PBXFileReference; explicitFileType = wrapper.application; includeInIndex = 0; path = AXCellCacheDemo.app; sourceTree = BUILT_PRODUCTS_DIR; };
		01F0B9811B4EB60700E26965 /* main.m */ = {isa = PBXFileReference; lastKnownFileType = sourcecode.c.objc; path = main.m; sourceTree = "<group>"; };
		01F0B9831B4EB60700E26965 /* AppDelegate.h */ = {isa = PBXFileReference; lastKnownFileType = sourcecode.c.h; path = AppDelegate.h; sourceTree = "<group>"; };
		01F0B9841B4EB60700E26965 /* AppDelegate.m */ = {isa = PBXFileReference; lastKnownFileType = sourcecode.c.objc; path = AppDelegate.m; sourceTree = "<group>"; };
		01F0B9861B4EB60700E26965 /* MasterViewController.h */ = {isa = PBXFileReference; lastKnownFileType = sourcecode.c.h; path = MasterViewController.h; sourceTree = "<group>"; };
		01F0B9871B4EB60700E26965 /* MasterViewController.m */ = {isa = PBXFileReference; lastKnownFileType = sourcecode.c.objc; path = MasterViewController.m; sourceTree = "<group>"; };
		01F0B9891B4EB60700E26965 /* DetailViewController.h */ = {isa = PBXFileReference; lastKnownFileType = sourcecode.c.h; path = DetailViewController.h; sourceTree = "<group>"; };
		01F0B98A1B4EB60700E26965 /* DetailViewController.m */ = {isa = PBXFileReference; lastKnownFileType = sourcecode.c.objc; path = DetailViewController.m; sourceTree = "<group>"; };
		01F0B98D1B4EB60700E26965 /* Base */ = {isa = PBXFileReference; lastKnownFileType = file.storyboard; name = Base; path = Base.lproj/Main.storyboard; sourceTree = "<group>"; };
		01F0B98F1B4EB60700E26965 /* Assets.xcassets */ = {isa = PBXFileReference; lastKnownFileType = folder.assetcatalog; path = Assets.xcassets; sourceTree = "<group>"; };
		01F0B9921B4EB60700E26965 /* Base */ = {isa = PBXFileReference; lastKnownFileType = file.storyboard; name = Base; path = Base.lproj/LaunchScreen.storyboard; sourceTree = "<group>"; };
		01F0B9941B4EB60700E26965 /* Info.plist */ = {isa = PBXFileReference; lastKnownFileType = text.plist.xml; path = Info.plist; sourceTree = "<group>"; };
/* End PBXFileReference section */

/* Begin PBXFrameworksBuildPhase section */
		01F0B97A1B4EB60700E26965 /* Frameworks */ = {
			isa = PBXFrameworksBuildPhase;
			buildActionMask = 2147483647;
			files = (
			);
			runOnlyForDeploymentPostprocessing = 0;
		};
/* End PBXFrameworksBuildPhase section */

/* Begin PBXGroup section */
		01865AAC1B50B1F2003E2C13 /* NSDate+Category */ = {
			isa = PBXGroup;
			children = (
				01865AAD1B50B1F2003E2C13 /* NSDate+Category.h */,
				01865AAE1B50B1F2003E2C13 /* NSDate+Category.m */,
			);
			path = "NSDate+Category";
			sourceTree = "<group>";
		};
		01865AAF1B50B1F2003E2C13 /* NSDateFormatter+Category */ = {
			isa = PBXGroup;
			children = (
				01865AB01B50B1F2003E2C13 /* NSDateFormatter+Category.h */,
				01865AB11B50B1F2003E2C13 /* NSDateFormatter+Category.m */,
			);
			path = "NSDateFormatter+Category";
			sourceTree = "<group>";
		};
		01ABBE3B1B56506700A6BC36 /* AXIndexPathCache */ = {
			isa = PBXGroup;
			children = (
				01ABBE3C1B56506700A6BC36 /* AXIndexPathCache.h */,
				01ABBE3D1B56506700A6BC36 /* AXIndexPathCache.m */,
				01ABBE3E1B56506700A6BC36 /* UITableView+ax_cache.h */,
				01ABBE3F1B56506700A6BC36 /* UITableView+ax_cache.m */,
			);
			path = AXIndexPathCache;
			sourceTree = "<group>";
		};
		01F0B9741B4EB60700E26965 = {
			isa = PBXGroup;
			children = (
				01ABBE3B1B56506700A6BC36 /* AXIndexPathCache */,
				01F0B97F1B4EB60700E26965 /* AXCellCacheDemo */,
				01F0B97E1B4EB60700E26965 /* Products */,
			);
			sourceTree = "<group>";
		};
		01F0B97E1B4EB60700E26965 /* Products */ = {
			isa = PBXGroup;
			children = (
				01F0B97D1B4EB60700E26965 /* AXCellCacheDemo.app */,
			);
			name = Products;
			sourceTree = "<group>";
		};
		01F0B97F1B4EB60700E26965 /* AXCellCacheDemo */ = {
			isa = PBXGroup;
			children = (
				01865AAC1B50B1F2003E2C13 /* NSDate+Category */,
				01865AAF1B50B1F2003E2C13 /* NSDateFormatter+Category */,
				01F0B9831B4EB60700E26965 /* AppDelegate.h */,
				01F0B9841B4EB60700E26965 /* AppDelegate.m */,
				01F0B9861B4EB60700E26965 /* MasterViewController.h */,
				01F0B9871B4EB60700E26965 /* MasterViewController.m */,
				01F0B9891B4EB60700E26965 /* DetailViewController.h */,
				01F0B98A1B4EB60700E26965 /* DetailViewController.m */,
				01F0B98C1B4EB60700E26965 /* Main.storyboard */,
				01F0B98F1B4EB60700E26965 /* Assets.xcassets */,
				01F0B9911B4EB60700E26965 /* LaunchScreen.storyboard */,
				01F0B9941B4EB60700E26965 /* Info.plist */,
				01F0B9801B4EB60700E26965 /* Supporting Files */,
			);
			path = AXCellCacheDemo;
			sourceTree = "<group>";
		};
		01F0B9801B4EB60700E26965 /* Supporting Files */ = {
			isa = PBXGroup;
			children = (
				01F0B9811B4EB60700E26965 /* main.m */,
			);
			name = "Supporting Files";
			sourceTree = "<group>";
		};
/* End PBXGroup section */

/* Begin PBXNativeTarget section */
		01F0B97C1B4EB60700E26965 /* AXCellCacheDemo */ = {
			isa = PBXNativeTarget;
			buildConfigurationList = 01F0B9971B4EB60700E26965 /* Build configuration list for PBXNativeTarget "AXCellCacheDemo" */;
			buildPhases = (
				01F0B9791B4EB60700E26965 /* Sources */,
				01F0B97A1B4EB60700E26965 /* Frameworks */,
				01F0B97B1B4EB60700E26965 /* Resources */,
			);
			buildRules = (
			);
			dependencies = (
			);
			name = AXCellCacheDemo;
			productName = AXCellCacheDemo;
			productReference = 01F0B97D1B4EB60700E26965 /* AXCellCacheDemo.app */;
			productType = "com.apple.product-type.application";
		};
/* End PBXNativeTarget section */

/* Begin PBXProject section */
		01F0B9751B4EB60700E26965 /* Project object */ = {
			isa = PBXProject;
			attributes = {
				LastUpgradeCheck = 0700;
				ORGANIZATIONNAME = ai;
				TargetAttributes = {
					01F0B97C1B4EB60700E26965 = {
						CreatedOnToolsVersion = 7.0;
					};
				};
			};
			buildConfigurationList = 01F0B9781B4EB60700E26965 /* Build configuration list for PBXProject "AXCellCacheDemo" */;
			compatibilityVersion = "Xcode 3.2";
			developmentRegion = English;
			hasScannedForEncodings = 0;
			knownRegions = (
				en,
				Base,
			);
			mainGroup = 01F0B9741B4EB60700E26965;
			productRefGroup = 01F0B97E1B4EB60700E26965 /* Products */;
			projectDirPath = "";
			projectRoot = "";
			targets = (
				01F0B97C1B4EB60700E26965 /* AXCellCacheDemo */,
			);
		};
/* End PBXProject section */

/* Begin PBXResourcesBuildPhase section */
		01F0B97B1B4EB60700E26965 /* Resources */ = {
			isa = PBXResourcesBuildPhase;
			buildActionMask = 2147483647;
			files = (
				01F0B9931B4EB60700E26965 /* LaunchScreen.storyboard in Resources */,
				01F0B9901B4EB60700E26965 /* Assets.xcassets in Resources */,
				01F0B98E1B4EB60700E26965 /* Main.storyboard in Resources */,
			);
			runOnlyForDeploymentPostprocessing = 0;
		};
/* End PBXResourcesBuildPhase section */

/* Begin PBXSourcesBuildPhase section */
		01F0B9791B4EB60700E26965 /* Sources */ = {
			isa = PBXSourcesBuildPhase;
			buildActionMask = 2147483647;
			files = (
				01865AB31B50B1F2003E2C13 /* NSDateFormatter+Category.m in Sources */,
				01F0B9851B4EB60700E26965 /* AppDelegate.m in Sources */,
				01865AB21B50B1F2003E2C13 /* NSDate+Category.m in Sources */,
				01F0B9881B4EB60700E26965 /* MasterViewController.m in Sources */,
				01ABBE401B56506700A6BC36 /* AXIndexPathCache.m in Sources */,
				01F0B9821B4EB60700E26965 /* main.m in Sources */,
				01F0B98B1B4EB60700E26965 /* DetailViewController.m in Sources */,
				01ABBE411B56506700A6BC36 /* UITableView+ax_cache.m in Sources */,
			);
			runOnlyForDeploymentPostprocessing = 0;
		};
/* End PBXSourcesBuildPhase section */

/* Begin PBXVariantGroup section */
		01F0B98C1B4EB60700E26965 /* Main.storyboard */ = {
			isa = PBXVariantGroup;
			children = (
				01F0B98D1B4EB60700E26965 /* Base */,
			);
			name = Main.storyboard;
			sourceTree = "<group>";
		};
		01F0B9911B4EB60700E26965 /* LaunchScreen.storyboard */ = {
			isa = PBXVariantGroup;
			children = (
				01F0B9921B4EB60700E26965 /* Base */,
			);
			name = LaunchScreen.storyboard;
			sourceTree = "<group>";
		};
/* End PBXVariantGroup section */

/* Begin XCBuildConfiguration section */
		01F0B9951B4EB60700E26965 /* Debug */ = {
			isa = XCBuildConfiguration;
			buildSettings = {
				ALWAYS_SEARCH_USER_PATHS = NO;
				CLANG_CXX_LANGUAGE_STANDARD = "gnu++0x";
				CLANG_CXX_LIBRARY = "libc++";
				CLANG_ENABLE_MODULES = YES;
				CLANG_ENABLE_OBJC_ARC = YES;
				CLANG_WARN_BOOL_CONVERSION = YES;
				CLANG_WARN_CONSTANT_CONVERSION = YES;
				CLANG_WARN_DIRECT_OBJC_ISA_USAGE = YES_ERROR;
				CLANG_WARN_EMPTY_BODY = YES;
				CLANG_WARN_ENUM_CONVERSION = YES;
				CLANG_WARN_INT_CONVERSION = YES;
				CLANG_WARN_OBJC_ROOT_CLASS = YES_ERROR;
				CLANG_WARN_UNREACHABLE_CODE = YES;
				CLANG_WARN__DUPLICATE_METHOD_MATCH = YES;
				"CODE_SIGN_IDENTITY[sdk=iphoneos*]" = "iPhone Developer";
				COPY_PHASE_STRIP = NO;
				DEBUG_INFORMATION_FORMAT = dwarf;
				ENABLE_STRICT_OBJC_MSGSEND = YES;
				ENABLE_TESTABILITY = YES;
				GCC_C_LANGUAGE_STANDARD = gnu99;
				GCC_DYNAMIC_NO_PIC = NO;
				GCC_NO_COMMON_BLOCKS = YES;
				GCC_OPTIMIZATION_LEVEL = 0;
				GCC_PREPROCESSOR_DEFINITIONS = (
					"DEBUG=1",
					"$(inherited)",
				);
				GCC_WARN_64_TO_32_BIT_CONVERSION = YES;
				GCC_WARN_ABOUT_RETURN_TYPE = YES_ERROR;
				GCC_WARN_UNDECLARED_SELECTOR = YES;
				GCC_WARN_UNINITIALIZED_AUTOS = YES_AGGRESSIVE;
				GCC_WARN_UNUSED_FUNCTION = YES;
				GCC_WARN_UNUSED_VARIABLE = YES;
				IPHONEOS_DEPLOYMENT_TARGET = 9.0;
				MTL_ENABLE_DEBUG_INFO = YES;
				ONLY_ACTIVE_ARCH = YES;
				SDKROOT = iphoneos;
			};
			name = Debug;
		};
		01F0B9961B4EB60700E26965 /* Release */ = {
			isa = XCBuildConfiguration;
			buildSettings = {
				ALWAYS_SEARCH_USER_PATHS = NO;
				CLANG_CXX_LANGUAGE_STANDARD = "gnu++0x";
				CLANG_CXX_LIBRARY = "libc++";
				CLANG_ENABLE_MODULES = YES;
				CLANG_ENABLE_OBJC_ARC = YES;
				CLANG_WARN_BOOL_CONVERSION = YES;
				CLANG_WARN_CONSTANT_CONVERSION = YES;
				CLANG_WARN_DIRECT_OBJC_ISA_USAGE = YES_ERROR;
				CLANG_WARN_EMPTY_BODY = YES;
				CLANG_WARN_ENUM_CONVERSION = YES;
				CLANG_WARN_INT_CONVERSION = YES;
				CLANG_WARN_OBJC_ROOT_CLASS = YES_ERROR;
				CLANG_WARN_UNREACHABLE_CODE = YES;
				CLANG_WARN__DUPLICATE_METHOD_MATCH = YES;
				"CODE_SIGN_IDENTITY[sdk=iphoneos*]" = "iPhone Developer";
				COPY_PHASE_STRIP = NO;
				DEBUG_INFORMATION_FORMAT = "dwarf-with-dsym";
				ENABLE_NS_ASSERTIONS = NO;
				ENABLE_STRICT_OBJC_MSGSEND = YES;
				GCC_C_LANGUAGE_STANDARD = gnu99;
				GCC_NO_COMMON_BLOCKS = YES;
				GCC_WARN_64_TO_32_BIT_CONVERSION = YES;
				GCC_WARN_ABOUT_RETURN_TYPE = YES_ERROR;
				GCC_WARN_UNDECLARED_SELECTOR = YES;
				GCC_WARN_UNINITIALIZED_AUTOS = YES_AGGRESSIVE;
				GCC_WARN_UNUSED_FUNCTION = YES;
				GCC_WARN_UNUSED_VARIABLE = YES;
				IPHONEOS_DEPLOYMENT_TARGET = 9.0;
				MTL_ENABLE_DEBUG_INFO = NO;
				SDKROOT = iphoneos;
				VALIDATE_PRODUCT = YES;
			};
			name = Release;
		};
		01F0B9981B4EB60700E26965 /* Debug */ = {
			isa = XCBuildConfiguration;
			buildSettings = {
				ASSETCATALOG_COMPILER_APPICON_NAME = AppIcon;
				INFOPLIST_FILE = AXCellCacheDemo/Info.plist;
				LD_RUNPATH_SEARCH_PATHS = "$(inherited) @executable_path/Frameworks";
				PRODUCT_BUNDLE_IDENTIFIER = AiXing.AXCellCacheDemo;
				PRODUCT_NAME = "$(TARGET_NAME)";
			};
			name = Debug;
		};
		01F0B9991B4EB60700E26965 /* Release */ = {
			isa = XCBuildConfiguration;
			buildSettings = {
				ASSETCATALOG_COMPILER_APPICON_NAME = AppIcon;
				INFOPLIST_FILE = AXCellCacheDemo/Info.plist;
				LD_RUNPATH_SEARCH_PATHS = "$(inherited) @executable_path/Frameworks";
				PRODUCT_BUNDLE_IDENTIFIER = AiXing.AXCellCacheDemo;
				PRODUCT_NAME = "$(TARGET_NAME)";
			};
			name = Release;
		};
/* End XCBuildConfiguration section */

/* Begin XCConfigurationList section */
		01F0B9781B4EB60700E26965 /* Build configuration list for PBXProject "AXCellCacheDemo" */ = {
			isa = XCConfigurationList;
			buildConfigurations = (
				01F0B9951B4EB60700E26965 /* Debug */,
				01F0B9961B4EB60700E26965 /* Release */,
			);
			defaultConfigurationIsVisible = 0;
			defaultConfigurationName = Release;
		};
		01F0B9971B4EB60700E26965 /* Build configuration list for PBXNativeTarget "AXCellCacheDemo" */ = {
			isa = XCConfigurationList;
			buildConfigurations = (
				01F0B9981B4EB60700E26965 /* Debug */,
				01F0B9991B4EB60700E26965 /* Release */,
			);
			defaultConfigurationIsVisible = 0;
			defaultConfigurationName = Release;
		};
/* End XCConfigurationList section */
	};
	rootObject = 01F0B9751B4EB60700E26965 /* Project object */;
}
